// !$*UTF8*$!
{
	archiveVersion = 1;
	classes = {
	};
	objectVersion = 46;
	objects = {

/* Begin PBXBuildFile section */
		5DE8C9121BC8FB5C00B302DC /* AppDelegate.swift in Sources */ = {isa = PBXBuildFile; fileRef = 5DE8C9111BC8FB5C00B302DC /* AppDelegate.swift */; };
		5DE8C9141BC8FB5C00B302DC /* ViewController.swift in Sources */ = {isa = PBXBuildFile; fileRef = 5DE8C9131BC8FB5C00B302DC /* ViewController.swift */; };
		5DE8C9171BC8FB5C00B302DC /* Main.storyboard in Resources */ = {isa = PBXBuildFile; fileRef = 5DE8C9151BC8FB5C00B302DC /* Main.storyboard */; };
		5DE8C9191BC8FB5C00B302DC /* Assets.xcassets in Resources */ = {isa = PBXBuildFile; fileRef = 5DE8C9181BC8FB5C00B302DC /* Assets.xcassets */; };
		5DE8C91C1BC8FB5C00B302DC /* LaunchScreen.storyboard in Resources */ = {isa = PBXBuildFile; fileRef = 5DE8C91A1BC8FB5C00B302DC /* LaunchScreen.storyboard */; };
		5DE8C9271BC8FB5C00B302DC /* What_to_EatTests.swift in Sources */ = {isa = PBXBuildFile; fileRef = 5DE8C9261BC8FB5C00B302DC /* What_to_EatTests.swift */; };
		5DE8C9321BC8FB5C00B302DC /* What_to_EatUITests.swift in Sources */ = {isa = PBXBuildFile; fileRef = 5DE8C9311BC8FB5C00B302DC /* What_to_EatUITests.swift */; };
/* End PBXBuildFile section */

/* Begin PBXContainerItemProxy section */
		5DE8C9231BC8FB5C00B302DC /* PBXContainerItemProxy */ = {
			isa = PBXContainerItemProxy;
			containerPortal = 5DE8C9061BC8FB5C00B302DC /* Project object */;
			proxyType = 1;
			remoteGlobalIDString = 5DE8C90D1BC8FB5C00B302DC;
			remoteInfo = "What to Eat";
		};
		5DE8C92E1BC8FB5C00B302DC /* PBXContainerItemProxy */ = {
			isa = PBXContainerItemProxy;
			containerPortal = 5DE8C9061BC8FB5C00B302DC /* Project object */;
			proxyType = 1;
			remoteGlobalIDString = 5DE8C90D1BC8FB5C00B302DC;
			remoteInfo = "What to Eat";
		};
/* End PBXContainerItemProxy section */

/* Begin PBXFileReference section */
		5DE8C90E1BC8FB5C00B302DC /* What to Eat.app */ = {isa = PBXFileReference; explicitFileType = wrapper.application; includeInIndex = 0; path = "What to Eat.app"; sourceTree = BUILT_PRODUCTS_DIR; };
		5DE8C9111BC8FB5C00B302DC /* AppDelegate.swift */ = {isa = PBXFileReference; lastKnownFileType = sourcecode.swift; path = AppDelegate.swift; sourceTree = "<group>"; };
		5DE8C9131BC8FB5C00B302DC /* ViewController.swift */ = {isa = PBXFileReference; lastKnownFileType = sourcecode.swift; path = ViewController.swift; sourceTree = "<group>"; };
		5DE8C9161BC8FB5C00B302DC /* Base */ = {isa = PBXFileReference; lastKnownFileType = file.storyboard; name = Base; path = Base.lproj/Main.storyboard; sourceTree = "<group>"; };
		5DE8C9181BC8FB5C00B302DC /* Assets.xcassets */ = {isa = PBXFileReference; lastKnownFileType = folder.assetcatalog; path = Assets.xcassets; sourceTree = "<group>"; };
		5DE8C91B1BC8FB5C00B302DC /* Base */ = {isa = PBXFileReference; lastKnownFileType = file.storyboard; name = Base; path = Base.lproj/LaunchScreen.storyboard; sourceTree = "<group>"; };
		5DE8C91D1BC8FB5C00B302DC /* Info.plist */ = {isa = PBXFileReference; lastKnownFileType = text.plist.xml; path = Info.plist; sourceTree = "<group>"; };
		5DE8C9221BC8FB5C00B302DC /* What to EatTests.xctest */ = {isa = PBXFileReference; explicitFileType = wrapper.cfbundle; includeInIndex = 0; path = "What to EatTests.xctest"; sourceTree = BUILT_PRODUCTS_DIR; };
		5DE8C9261BC8FB5C00B302DC /* What_to_EatTests.swift */ = {isa = PBXFileReference; lastKnownFileType = sourcecode.swift; path = What_to_EatTests.swift; sourceTree = "<group>"; };
		5DE8C9281BC8FB5C00B302DC /* Info.plist */ = {isa = PBXFileReference; lastKnownFileType = text.plist.xml; path = Info.plist; sourceTree = "<group>"; };
		5DE8C92D1BC8FB5C00B302DC /* What to EatUITests.xctest */ = {isa = PBXFileReference; explicitFileType = wrapper.cfbundle; includeInIndex = 0; path = "What to EatUITests.xctest"; sourceTree = BUILT_PRODUCTS_DIR; };
		5DE8C9311BC8FB5C00B302DC /* What_to_EatUITests.swift */ = {isa = PBXFileReference; lastKnownFileType = sourcecode.swift; path = What_to_EatUITests.swift; sourceTree = "<group>"; };
		5DE8C9331BC8FB5C00B302DC /* Info.plist */ = {isa = PBXFileReference; lastKnownFileType = text.plist.xml; path = Info.plist; sourceTree = "<group>"; };
/* End PBXFileReference section */

/* Begin PBXFrameworksBuildPhase section */
		5DE8C90B1BC8FB5C00B302DC /* Frameworks */ = {
			isa = PBXFrameworksBuildPhase;
			buildActionMask = 2147483647;
			files = (
			);
			runOnlyForDeploymentPostprocessing = 0;
		};
		5DE8C91F1BC8FB5C00B302DC /* Frameworks */ = {
			isa = PBXFrameworksBuildPhase;
			buildActionMask = 2147483647;
			files = (
			);
			runOnlyForDeploymentPostprocessing = 0;
		};
		5DE8C92A1BC8FB5C00B302DC /* Frameworks */ = {
			isa = PBXFrameworksBuildPhase;
			buildActionMask = 2147483647;
			files = (
			);
			runOnlyForDeploymentPostprocessing = 0;
		};
/* End PBXFrameworksBuildPhase section */

/* Begin PBXGroup section */
		5DE8C9051BC8FB5C00B302DC = {
			isa = PBXGroup;
			children = (
				5DE8C9101BC8FB5C00B302DC /* What to Eat */,
				5DE8C9251BC8FB5C00B302DC /* What to EatTests */,
				5DE8C9301BC8FB5C00B302DC /* What to EatUITests */,
				5DE8C90F1BC8FB5C00B302DC /* Products */,
			);
			sourceTree = "<group>";
		};
		5DE8C90F1BC8FB5C00B302DC /* Products */ = {
			isa = PBXGroup;
			children = (
				5DE8C90E1BC8FB5C00B302DC /* What to Eat.app */,
				5DE8C9221BC8FB5C00B302DC /* What to EatTests.xctest */,
				5DE8C92D1BC8FB5C00B302DC /* What to EatUITests.xctest */,
			);
			name = Products;
			sourceTree = "<group>";
		};
		5DE8C9101BC8FB5C00B302DC /* What to Eat */ = {
			isa = PBXGroup;
			children = (
				5DE8C9111BC8FB5C00B302DC /* AppDelegate.swift */,
				5DE8C9131BC8FB5C00B302DC /* ViewController.swift */,
				5DE8C9151BC8FB5C00B302DC /* Main.storyboard */,
				5DE8C9181BC8FB5C00B302DC /* Assets.xcassets */,
				5DE8C91A1BC8FB5C00B302DC /* LaunchScreen.storyboard */,
				5DE8C91D1BC8FB5C00B302DC /* Info.plist */,
			);
			path = "What to Eat";
			sourceTree = "<group>";
		};
		5DE8C9251BC8FB5C00B302DC /* What to EatTests */ = {
			isa = PBXGroup;
			children = (
				5DE8C9261BC8FB5C00B302DC /* What_to_EatTests.swift */,
				5DE8C9281BC8FB5C00B302DC /* Info.plist */,
			);
			path = "What to EatTests";
			sourceTree = "<group>";
		};
		5DE8C9301BC8FB5C00B302DC /* What to EatUITests */ = {
			isa = PBXGroup;
			children = (
				5DE8C9311BC8FB5C00B302DC /* What_to_EatUITests.swift */,
				5DE8C9331BC8FB5C00B302DC /* Info.plist */,
			);
			path = "What to EatUITests";
			sourceTree = "<group>";
		};
/* End PBXGroup section */

/* Begin PBXNativeTarget section */
		5DE8C90D1BC8FB5C00B302DC /* What to Eat */ = {
			isa = PBXNativeTarget;
			buildConfigurationList = 5DE8C9361BC8FB5C00B302DC /* Build configuration list for PBXNativeTarget "What to Eat" */;
			buildPhases = (
				5DE8C90A1BC8FB5C00B302DC /* Sources */,
				5DE8C90B1BC8FB5C00B302DC /* Frameworks */,
				5DE8C90C1BC8FB5C00B302DC /* Resources */,
			);
			buildRules = (
			);
			dependencies = (
			);
			name = "What to Eat";
			productName = "What to Eat";
			productReference = 5DE8C90E1BC8FB5C00B302DC /* What to Eat.app */;
			productType = "com.apple.product-type.application";
		};
		5DE8C9211BC8FB5C00B302DC /* What to EatTests */ = {
			isa = PBXNativeTarget;
			buildConfigurationList = 5DE8C9391BC8FB5C00B302DC /* Build configuration list for PBXNativeTarget "What to EatTests" */;
			buildPhases = (
				5DE8C91E1BC8FB5C00B302DC /* Sources */,
				5DE8C91F1BC8FB5C00B302DC /* Frameworks */,
				5DE8C9201BC8FB5C00B302DC /* Resources */,
			);
			buildRules = (
			);
			dependencies = (
				5DE8C9241BC8FB5C00B302DC /* PBXTargetDependency */,
			);
			name = "What to EatTests";
			productName = "What to EatTests";
			productReference = 5DE8C9221BC8FB5C00B302DC /* What to EatTests.xctest */;
			productType = "com.apple.product-type.bundle.unit-test";
		};
		5DE8C92C1BC8FB5C00B302DC /* What to EatUITests */ = {
			isa = PBXNativeTarget;
			buildConfigurationList = 5DE8C93C1BC8FB5C00B302DC /* Build configuration list for PBXNativeTarget "What to EatUITests" */;
			buildPhases = (
				5DE8C9291BC8FB5C00B302DC /* Sources */,
				5DE8C92A1BC8FB5C00B302DC /* Frameworks */,
				5DE8C92B1BC8FB5C00B302DC /* Resources */,
			);
			buildRules = (
			);
			dependencies = (
				5DE8C92F1BC8FB5C00B302DC /* PBXTargetDependency */,
			);
			name = "What to EatUITests";
			productName = "What to EatUITests";
			productReference = 5DE8C92D1BC8FB5C00B302DC /* What to EatUITests.xctest */;
			productType = "com.apple.product-type.bundle.ui-testing";
		};
/* End PBXNativeTarget section */

/* Begin PBXProject section */
		5DE8C9061BC8FB5C00B302DC /* Project object */ = {
			isa = PBXProject;
			attributes = {
				LastUpgradeCheck = 0700;
				ORGANIZATIONNAME = "Seth Itow";
				TargetAttributes = {
					5DE8C90D1BC8FB5C00B302DC = {
						CreatedOnToolsVersion = 7.0.1;
						DevelopmentTeam = B6XS8JQQV7;
					};
					5DE8C9211BC8FB5C00B302DC = {
						CreatedOnToolsVersion = 7.0.1;
						DevelopmentTeam = B6XS8JQQV7;
						TestTargetID = 5DE8C90D1BC8FB5C00B302DC;
					};
					5DE8C92C1BC8FB5C00B302DC = {
						CreatedOnToolsVersion = 7.0.1;
						DevelopmentTeam = B6XS8JQQV7;
						TestTargetID = 5DE8C90D1BC8FB5C00B302DC;
					};
				};
			};
			buildConfigurationList = 5DE8C9091BC8FB5C00B302DC /* Build configuration list for PBXProject "What to Eat" */;
			compatibilityVersion = "Xcode 3.2";
			developmentRegion = English;
			hasScannedForEncodings = 0;
			knownRegions = (
				en,
				Base,
			);
			mainGroup = 5DE8C9051BC8FB5C00B302DC;
			productRefGroup = 5DE8C90F1BC8FB5C00B302DC /* Products */;
			projectDirPath = "";
			projectRoot = "";
			targets = (
				5DE8C90D1BC8FB5C00B302DC /* What to Eat */,
				5DE8C9211BC8FB5C00B302DC /* What to EatTests */,
				5DE8C92C1BC8FB5C00B302DC /* What to EatUITests */,
			);
		};
/* End PBXProject section */

/* Begin PBXResourcesBuildPhase section */
		5DE8C90C1BC8FB5C00B302DC /* Resources */ = {
			isa = PBXResourcesBuildPhase;
			buildActionMask = 2147483647;
			files = (
				5DE8C91C1BC8FB5C00B302DC /* LaunchScreen.storyboard in Resources */,
				5DE8C9191BC8FB5C00B302DC /* Assets.xcassets in Resources */,
				5DE8C9171BC8FB5C00B302DC /* Main.storyboard in Resources */,
			);
			runOnlyForDeploymentPostprocessing = 0;
		};
		5DE8C9201BC8FB5C00B302DC /* Resources */ = {
			isa = PBXResourcesBuildPhase;
			buildActionMask = 2147483647;
			files = (
			);
			runOnlyForDeploymentPostprocessing = 0;
		};
		5DE8C92B1BC8FB5C00B302DC /* Resources */ = {
			isa = PBXResourcesBuildPhase;
			buildActionMask = 2147483647;
			files = (
			);
			runOnlyForDeploymentPostprocessing = 0;
		};
/* End PBXResourcesBuildPhase section */

/* Begin PBXSourcesBuildPhase section */
		5DE8C90A1BC8FB5C00B302DC /* Sources */ = {
			isa = PBXSourcesBuildPhase;
			buildActionMask = 2147483647;
			files = (
				5DE8C9141BC8FB5C00B302DC /* ViewController.swift in Sources */,
				5DE8C9121BC8FB5C00B302DC /* AppDelegate.swift in Sources */,
			);
			runOnlyForDeploymentPostprocessing = 0;
		};
		5DE8C91E1BC8FB5C00B302DC /* Sources */ = {
			isa = PBXSourcesBuildPhase;
			buildActionMask = 2147483647;
			files = (
				5DE8C9271BC8FB5C00B302DC /* What_to_EatTests.swift in Sources */,
			);
			runOnlyForDeploymentPostprocessing = 0;
		};
		5DE8C9291BC8FB5C00B302DC /* Sources */ = {
			isa = PBXSourcesBuildPhase;
			buildActionMask = 2147483647;
			files = (
				5DE8C9321BC8FB5C00B302DC /* What_to_EatUITests.swift in Sources */,
			);
			runOnlyForDeploymentPostprocessing = 0;
		};
/* End PBXSourcesBuildPhase section */

/* Begin PBXTargetDependency section */
		5DE8C9241BC8FB5C00B302DC /* PBXTargetDependency */ = {
			isa = PBXTargetDependency;
			target = 5DE8C90D1BC8FB5C00B302DC /* What to Eat */;
			targetProxy = 5DE8C9231BC8FB5C00B302DC /* PBXContainerItemProxy */;
		};
		5DE8C92F1BC8FB5C00B302DC /* PBXTargetDependency */ = {
			isa = PBXTargetDependency;
			target = 5DE8C90D1BC8FB5C00B302DC /* What to Eat */;
			targetProxy = 5DE8C92E1BC8FB5C00B302DC /* PBXContainerItemProxy */;
		};
/* End PBXTargetDependency section */

/* Begin PBXVariantGroup section */
		5DE8C9151BC8FB5C00B302DC /* Main.storyboard */ = {
			isa = PBXVariantGroup;
			children = (
				5DE8C9161BC8FB5C00B302DC /* Base */,
			);
			name = Main.storyboard;
			sourceTree = "<group>";
		};
		5DE8C91A1BC8FB5C00B302DC /* LaunchScreen.storyboard */ = {
			isa = PBXVariantGroup;
			children = (
				5DE8C91B1BC8FB5C00B302DC /* Base */,
			);
			name = LaunchScreen.storyboard;
			sourceTree = "<group>";
		};
/* End PBXVariantGroup section */

/* Begin XCBuildConfiguration section */
		5DE8C9341BC8FB5C00B302DC /* Debug */ = {
			isa = XCBuildConfiguration;
			buildSettings = {
				ALWAYS_SEARCH_USER_PATHS = NO;
				CLANG_CXX_LANGUAGE_STANDARD = "gnu++0x";
				CLANG_CXX_LIBRARY = "libc++";
				CLANG_ENABLE_MODULES = YES;
				CLANG_ENABLE_OBJC_ARC = YES;
				CLANG_WARN_BOOL_CONVERSION = YES;
				CLANG_WARN_CONSTANT_CONVERSION = YES;
				CLANG_WARN_DIRECT_OBJC_ISA_USAGE = YES_ERROR;
				CLANG_WARN_EMPTY_BODY = YES;
				CLANG_WARN_ENUM_CONVERSION = YES;
				CLANG_WARN_INT_CONVERSION = YES;
				CLANG_WARN_OBJC_ROOT_CLASS = YES_ERROR;
				CLANG_WARN_UNREACHABLE_CODE = YES;
				CLANG_WARN__DUPLICATE_METHOD_MATCH = YES;
				"CODE_SIGN_IDENTITY[sdk=iphoneos*]" = "iPhone Developer";
				COPY_PHASE_STRIP = NO;
				DEBUG_INFORMATION_FORMAT = dwarf;
				ENABLE_STRICT_OBJC_MSGSEND = YES;
				ENABLE_TESTABILITY = YES;
				GCC_C_LANGUAGE_STANDARD = gnu99;
				GCC_DYNAMIC_NO_PIC = NO;
				GCC_NO_COMMON_BLOCKS = YES;
				GCC_OPTIMIZATION_LEVEL = 0;
				GCC_PREPROCESSOR_DEFINITIONS = (
					"DEBUG=1",
					"$(inherited)",
				);
				GCC_WARN_64_TO_32_BIT_CONVERSION = YES;
				GCC_WARN_ABOUT_RETURN_TYPE = YES_ERROR;
				GCC_WARN_UNDECLARED_SELECTOR = YES;
				GCC_WARN_UNINITIALIZED_AUTOS = YES_AGGRESSIVE;
				GCC_WARN_UNUSED_FUNCTION = YES;
				GCC_WARN_UNUSED_VARIABLE = YES;
				IPHONEOS_DEPLOYMENT_TARGET = 9.0;
				MTL_ENABLE_DEBUG_INFO = YES;
				ONLY_ACTIVE_ARCH = YES;
				SDKROOT = iphoneos;
				SWIFT_OPTIMIZATION_LEVEL = "-Onone";
			};
			name = Debug;
		};
		5DE8C9351BC8FB5C00B302DC /* Release */ = {
			isa = XCBuildConfiguration;
			buildSettings = {
				ALWAYS_SEARCH_USER_PATHS = NO;
				CLANG_CXX_LANGUAGE_STANDARD = "gnu++0x";
				CLANG_CXX_LIBRARY = "libc++";
				CLANG_ENABLE_MODULES = YES;
				CLANG_ENABLE_OBJC_ARC = YES;
				CLANG_WARN_BOOL_CONVERSION = YES;
				CLANG_WARN_CONSTANT_CONVERSION = YES;
				CLANG_WARN_DIRECT_OBJC_ISA_USAGE = YES_ERROR;
				CLANG_WARN_EMPTY_BODY = YES;
				CLANG_WARN_ENUM_CONVERSION = YES;
				CLANG_WARN_INT_CONVERSION = YES;
				CLANG_WARN_OBJC_ROOT_CLASS = YES_ERROR;
				CLANG_WARN_UNREACHABLE_CODE = YES;
				CLANG_WARN__DUPLICATE_METHOD_MATCH = YES;
				"CODE_SIGN_IDENTITY[sdk=iphoneos*]" = "iPhone Developer";
				COPY_PHASE_STRIP = NO;
				DEBUG_INFORMATION_FORMAT = "dwarf-with-dsym";
				ENABLE_NS_ASSERTIONS = NO;
				ENABLE_STRICT_OBJC_MSGSEND = YES;
				GCC_C_LANGUAGE_STANDARD = gnu99;
				GCC_NO_COMMON_BLOCKS = YES;
				GCC_WARN_64_TO_32_BIT_CONVERSION = YES;
				GCC_WARN_ABOUT_RETURN_TYPE = YES_ERROR;
				GCC_WARN_UNDECLARED_SELECTOR = YES;
				GCC_WARN_UNINITIALIZED_AUTOS = YES_AGGRESSIVE;
				GCC_WARN_UNUSED_FUNCTION = YES;
				GCC_WARN_UNUSED_VARIABLE = YES;
				IPHONEOS_DEPLOYMENT_TARGET = 9.0;
				MTL_ENABLE_DEBUG_INFO = NO;
				SDKROOT = iphoneos;
				VALIDATE_PRODUCT = YES;
			};
			name = Release;
		};
		5DE8C9371BC8FB5C00B302DC /* Debug */ = {
			isa = XCBuildConfiguration;
			buildSettings = {
				ASSETCATALOG_COMPILER_APPICON_NAME = AppIcon;
				INFOPLIST_FILE = "What to Eat/Info.plist";
				LD_RUNPATH_SEARCH_PATHS = "$(inherited) @executable_path/Frameworks";
				PRODUCT_BUNDLE_IDENTIFIER = "com.sethitow.What-to-Eat";
				PRODUCT_NAME = "$(TARGET_NAME)";
			};
			name = Debug;
		};
		5DE8C9381BC8FB5C00B302DC /* Release */ = {
			isa = XCBuildConfiguration;
			buildSettings = {
				ASSETCATALOG_COMPILER_APPICON_NAME = AppIcon;
				INFOPLIST_FILE = "What to Eat/Info.plist";
				LD_RUNPATH_SEARCH_PATHS = "$(inherited) @executable_path/Frameworks";
				PRODUCT_BUNDLE_IDENTIFIER = "com.sethitow.What-to-Eat";
				PRODUCT_NAME = "$(TARGET_NAME)";
			};
			name = Release;
		};
		5DE8C93A1BC8FB5C00B302DC /* Debug */ = {
			isa = XCBuildConfiguration;
			buildSettings = {
				BUNDLE_LOADER = "$(TEST_HOST)";
				INFOPLIST_FILE = "What to EatTests/Info.plist";
				LD_RUNPATH_SEARCH_PATHS = "$(inherited) @executable_path/Frameworks @loader_path/Frameworks";
				PRODUCT_BUNDLE_IDENTIFIER = "com.sethitow.What-to-EatTests";
				PRODUCT_NAME = "$(TARGET_NAME)";
				TEST_HOST = "$(BUILT_PRODUCTS_DIR)/What to Eat.app/What to Eat";
			};
			name = Debug;
		};
		5DE8C93B1BC8FB5C00B302DC /* Release */ = {
			isa = XCBuildConfiguration;
			buildSettings = {
				BUNDLE_LOADER = "$(TEST_HOST)";
				INFOPLIST_FILE = "What to EatTests/Info.plist";
				LD_RUNPATH_SEARCH_PATHS = "$(inherited) @executable_path/Frameworks @loader_path/Frameworks";
				PRODUCT_BUNDLE_IDENTIFIER = "com.sethitow.What-to-EatTests";
				PRODUCT_NAME = "$(TARGET_NAME)";
				TEST_HOST = "$(BUILT_PRODUCTS_DIR)/What to Eat.app/What to Eat";
			};
			name = Release;
		};
		5DE8C93D1BC8FB5C00B302DC /* Debug */ = {
			isa = XCBuildConfiguration;
			buildSettings = {
				INFOPLIST_FILE = "What to EatUITests/Info.plist";
				LD_RUNPATH_SEARCH_PATHS = "$(inherited) @executable_path/Frameworks @loader_path/Frameworks";
				PRODUCT_BUNDLE_IDENTIFIER = "com.sethitow.What-to-EatUITests";
				PRODUCT_NAME = "$(TARGET_NAME)";
				TEST_TARGET_NAME = "What to Eat";
				USES_XCTRUNNER = YES;
			};
			name = Debug;
		};
		5DE8C93E1BC8FB5C00B302DC /* Release */ = {
			isa = XCBuildConfiguration;
			buildSettings = {
				INFOPLIST_FILE = "What to EatUITests/Info.plist";
				LD_RUNPATH_SEARCH_PATHS = "$(inherited) @executable_path/Frameworks @loader_path/Frameworks";
				PRODUCT_BUNDLE_IDENTIFIER = "com.sethitow.What-to-EatUITests";
				PRODUCT_NAME = "$(TARGET_NAME)";
				TEST_TARGET_NAME = "What to Eat";
				USES_XCTRUNNER = YES;
			};
			name = Release;
		};
/* End XCBuildConfiguration section */

/* Begin XCConfigurationList section */
		5DE8C9091BC8FB5C00B302DC /* Build configuration list for PBXProject "What to Eat" */ = {
			isa = XCConfigurationList;
			buildConfigurations = (
				5DE8C9341BC8FB5C00B302DC /* Debug */,
				5DE8C9351BC8FB5C00B302DC /* Release */,
			);
			defaultConfigurationIsVisible = 0;
			defaultConfigurationName = Release;
		};
		5DE8C9361BC8FB5C00B302DC /* Build configuration list for PBXNativeTarget "What to Eat" */ = {
			isa = XCConfigurationList;
			buildConfigurations = (
				5DE8C9371BC8FB5C00B302DC /* Debug */,
				5DE8C9381BC8FB5C00B302DC /* Release */,
			);
			defaultConfigurationIsVisible = 0;
		};
		5DE8C9391BC8FB5C00B302DC /* Build configuration list for PBXNativeTarget "What to EatTests" */ = {
			isa = XCConfigurationList;
			buildConfigurations = (
				5DE8C93A1BC8FB5C00B302DC /* Debug */,
				5DE8C93B1BC8FB5C00B302DC /* Release */,
			);
			defaultConfigurationIsVisible = 0;
		};
		5DE8C93C1BC8FB5C00B302DC /* Build configuration list for PBXNativeTarget "What to EatUITests" */ = {
			isa = XCConfigurationList;
			buildConfigurations = (
				5DE8C93D1BC8FB5C00B302DC /* Debug */,
				5DE8C93E1BC8FB5C00B302DC /* Release */,
			);
			defaultConfigurationIsVisible = 0;
		};
/* End XCConfigurationList section */
	};
	rootObject = 5DE8C9061BC8FB5C00B302DC /* Project object */;
}
